
Microsoft Visual Studio Solution File, Format Version 12.00
# Visual Studio 14
VisualStudioVersion = 14.0.25123.0
MinimumVisualStudioVersion = 10.0.40219.1
Project("{FAE04EC0-301F-11D3-BF4B-00C04F79EFBC}") = "Easy", "EasyFrameWork\Easy.csproj", "{EDB1BAA7-EC61-4292-BBE5-3BC39EB171E4}"
EndProject
Project("{FAE04EC0-301F-11D3-BF4B-00C04F79EFBC}") = "Easy.Web", "EasyFrameWork.Web\Easy.Web.csproj", "{A1228125-F5C4-4001-AC7D-1ACCF1679828}"
EndProject
Project("{FAE04EC0-301F-11D3-BF4B-00C04F79EFBC}") = "MvcApplication", "MvcApplication\MvcApplication.csproj", "{775BD8A6-3C5B-4F98-B406-2E14C0A67998}"
EndProject
Project("{FAE04EC0-301F-11D3-BF4B-00C04F79EFBC}") = "UnitTest", "UnitTest\UnitTest.csproj", "{0EAA0202-8452-4250-97AB-0ABD192199E3}"
EndProject
Project("{FAE04EC0-301F-11D3-BF4B-00C04F79EFBC}") = "Easy.Data.DataBase.SQLite", "Easy.Data.DataBase.SQLite\Easy.Data.DataBase.SQLite.csproj", "{CE5F6DA3-5C2C-4200-95F5-B65C52B584C8}"
EndProject
Global
	GlobalSection(SolutionConfigurationPlatforms) = preSolution
		Debug|Any CPU = Debug|Any CPU
		Release|Any CPU = Release|Any CPU
	EndGlobalSection
	GlobalSection(ProjectConfigurationPlatforms) = postSolution
		{EDB1BAA7-EC61-4292-BBE5-3BC39EB171E4}.Debug|Any CPU.ActiveCfg = Debug|Any CPU
		{EDB1BAA7-EC61-4292-BBE5-3BC39EB171E4}.Debug|Any CPU.Build.0 = Debug|Any CPU
		{EDB1BAA7-EC61-4292-BBE5-3BC39EB171E4}.Release|Any CPU.ActiveCfg = Release|Any CPU
		{EDB1BAA7-EC61-4292-BBE5-3BC39EB171E4}.Release|Any CPU.Build.0 = Release|Any CPU
		{A1228125-F5C4-4001-AC7D-1ACCF1679828}.Debug|Any CPU.ActiveCfg = Debug|Any CPU
		{A1228125-F5C4-4001-AC7D-1ACCF1679828}.Debug|Any CPU.Build.0 = Debug|Any CPU
		{A1228125-F5C4-4001-AC7D-1ACCF1679828}.Release|Any CPU.ActiveCfg = Release|Any CPU
		{A1228125-F5C4-4001-AC7D-1ACCF1679828}.Release|Any CPU.Build.0 = Release|Any CPU
		{775BD8A6-3C5B-4F98-B406-2E14C0A67998}.Debug|Any CPU.ActiveCfg = Debug|Any CPU
		{775BD8A6-3C5B-4F98-B406-2E14C0A67998}.Debug|Any CPU.Build.0 = Debug|Any CPU
		{775BD8A6-3C5B-4F98-B406-2E14C0A67998}.Release|Any CPU.ActiveCfg = Release|Any CPU
		{775BD8A6-3C5B-4F98-B406-2E14C0A67998}.Release|Any CPU.Build.0 = Release|Any CPU
		{0EAA0202-8452-4250-97AB-0ABD192199E3}.Debug|Any CPU.ActiveCfg = Debug|Any CPU
		{0EAA0202-8452-4250-97AB-0ABD192199E3}.Debug|Any CPU.Build.0 = Debug|Any CPU
		{0EAA0202-8452-4250-97AB-0ABD192199E3}.Release|Any CPU.ActiveCfg = Release|Any CPU
		{0EAA0202-8452-4250-97AB-0ABD192199E3}.Release|Any CPU.Build.0 = Release|Any CPU
		{CE5F6DA3-5C2C-4200-95F5-B65C52B584C8}.Debug|Any CPU.ActiveCfg = Debug|Any CPU
		{CE5F6DA3-5C2C-4200-95F5-B65C52B584C8}.Debug|Any CPU.Build.0 = Debug|Any CPU
		{CE5F6DA3-5C2C-4200-95F5-B65C52B584C8}.Release|Any CPU.ActiveCfg = Release|Any CPU
		{CE5F6DA3-5C2C-4200-95F5-B65C52B584C8}.Release|Any CPU.Build.0 = Release|Any CPU
	EndGlobalSection
	GlobalSection(SolutionProperties) = preSolution
		HideSolutionNode = FALSE
	EndGlobalSection
	GlobalSection(ExtensibilityGlobals) = postSolution
		EnterpriseLibraryConfigurationToolBinariesPath = packages\Unity.2.1.505.2\lib\NET35
	EndGlobalSection
EndGlobal
